# This file is automatically @generated by Cargo.
# It is not intended for manual editing.
version = 3

[[package]]
name = "atomic-polyfill"
version = "0.1.11"
source = "registry+https://github.com/rust-lang/crates.io-index"
checksum = "e3ff7eb3f316534d83a8a2c3d1674ace8a5a71198eba31e2e2b597833f699b28"
dependencies = [
 "critical-section",
]

[[package]]
name = "autocfg"
version = "1.1.0"
source = "registry+https://github.com/rust-lang/crates.io-index"
checksum = "d468802bab17cbc0cc575e9b053f41e72aa36bfa6b7f55e3529ffa43161b97fa"

[[package]]
name = "az"
version = "1.2.1"
source = "registry+https://github.com/rust-lang/crates.io-index"
checksum = "7b7e4c2464d97fe331d41de9d5db0def0a96f4d823b8b32a2efd503578988973"

[[package]]
name = "byteorder"
version = "1.4.3"
source = "registry+https://github.com/rust-lang/crates.io-index"
checksum = "14c189c53d098945499cdfa7ecc63567cf3886b3332b312a5b4585d8d3a6a610"

[[package]]
name = "critical-section"
version = "1.1.1"
source = "registry+https://github.com/rust-lang/crates.io-index"
checksum = "6548a0ad5d2549e111e1f6a11a6c2e2d00ce6a3dafe22948d67c2b443f775e52"

[[package]]
name = "discrete_bayes"
version = "0.1.0"

[[package]]
name = "either"
version = "1.8.1"
source = "registry+https://github.com/rust-lang/crates.io-index"
checksum = "7fcaabb2fef8c910e7f4c7ce9f67a1283a1715879a7c230ca9d6d1ae31f16d91"

[[package]]
name = "emb_bargraph"
version = "0.1.0"
dependencies = [
 "embedded-graphics",
 "embedded-plots",
]

[[package]]
name = "emb_textterm"
version = "0.1.0"
dependencies = [
 "embedded-graphics",
 "heapless",
]

[[package]]
name = "embedded-graphics"
version = "0.7.1"
source = "registry+https://github.com/rust-lang/crates.io-index"
checksum = "750082c65094fbcc4baf9ba31583ce9a8bb7f52cadfb96f6164b1bc7f922f32b"
dependencies = [
 "az",
 "byteorder",
 "embedded-graphics-core",
 "float-cmp",
 "micromath",
]

[[package]]
name = "embedded-graphics-core"
version = "0.3.3"
source = "registry+https://github.com/rust-lang/crates.io-index"
checksum = "b8b1239db5f3eeb7e33e35bd10bd014e7b2537b17e071f726a09351431337cfa"
dependencies = [
 "az",
 "byteorder",
]

[[package]]
name = "embedded-plots"
version = "0.2.0"
source = "registry+https://github.com/rust-lang/crates.io-index"
checksum = "d855c9092b75232d45ce8d28a997e095ed5e171280b425934abf246d7512d669"
dependencies = [
 "embedded-graphics",
 "heapless",
 "itertools",
]

[[package]]
name = "float-cmp"
version = "0.8.0"
source = "registry+https://github.com/rust-lang/crates.io-index"
checksum = "e1267f4ac4f343772758f7b1bdcbe767c218bbab93bb432acbf5162bbf85a6c4"
dependencies = [
 "num-traits",
]

[[package]]
name = "hash32"
version = "0.2.1"
source = "registry+https://github.com/rust-lang/crates.io-index"
checksum = "b0c35f58762feb77d74ebe43bdbc3210f09be9fe6742234d573bacc26ed92b67"
dependencies = [
 "byteorder",
]

[[package]]
name = "heapless"
version = "0.7.16"
source = "registry+https://github.com/rust-lang/crates.io-index"
checksum = "db04bc24a18b9ea980628ecf00e6c0264f3c1426dac36c00cb49b6fbad8b0743"
dependencies = [
 "atomic-polyfill",
 "hash32",
 "rustc_version",
 "spin",
 "stable_deref_trait",
]

[[package]]
name = "itertools"
version = "0.9.0"
source = "registry+https://github.com/rust-lang/crates.io-index"
checksum = "284f18f85651fe11e8a991b2adb42cb078325c996ed026d994719efcfca1d54b"
dependencies = [
 "either",
]

[[package]]
name = "lock_api"
version = "0.4.10"
source = "registry+https://github.com/rust-lang/crates.io-index"
checksum = "c1cc9717a20b1bb222f333e6a92fd32f7d8a18ddc5a3191a11af45dcbf4dcd16"
dependencies = [
 "autocfg",
 "scopeguard",
]

[[package]]
name = "micromath"
version = "1.1.1"
source = "registry+https://github.com/rust-lang/crates.io-index"
checksum = "bc4010833aea396656c2f91ee704d51a6f1329ec2ab56ffd00bfd56f7481ea94"

[[package]]
name = "num-traits"
version = "0.2.15"
source = "registry+https://github.com/rust-lang/crates.io-index"
checksum = "578ede34cf02f8924ab9447f50c28075b4d3e5b269972345e7e0372b38c6cdcd"
dependencies = [
 "autocfg",
]

[[package]]
name = "oorandom"
version = "11.1.3"
source = "registry+https://github.com/rust-lang/crates.io-index"
checksum = "0ab1bc2a289d34bd04a330323ac98a1b4bc82c9d9fcb1e66b63caa84da26b575"

[[package]]
name = "robot"
version = "0.1.0"
dependencies = [
 "oorandom",
]

[[package]]
name = "robot_filter"
version = "0.1.0"
dependencies = [
 "discrete_bayes",
 "robot",
]

[[package]]
name = "robotfilter-debug"
version = "0.1.0"
dependencies = [
 "emb_bargraph",
 "emb_textterm",
 "heapless",
 "robot_filter",
]

[[package]]
name = "rustc_version"
version = "0.4.0"
source = "registry+https://github.com/rust-lang/crates.io-index"
checksum = "bfa0f585226d2e68097d4f95d113b15b83a82e819ab25717ec0590d9584ef366"
dependencies = [
 "semver",
]

[[package]]
name = "scopeguard"
version = "1.1.0"
source = "registry+https://github.com/rust-lang/crates.io-index"
checksum = "d29ab0c6d3fc0ee92fe66e2d99f700eab17a8d57d1c1d3b748380fb20baa78cd"

[[package]]
name = "semver"
version = "1.0.17"
source = "registry+https://github.com/rust-lang/crates.io-index"
checksum = "bebd363326d05ec3e2f532ab7660680f3b02130d780c299bca73469d521bc0ed"

[[package]]
name = "spin"
version = "0.9.8"
source = "registry+https://github.com/rust-lang/crates.io-index"
checksum = "6980e8d7511241f8acf4aebddbb1ff938df5eebe98691418c4468d0b72a96a67"
dependencies = [
 "lock_api",
]

[[package]]
name = "stable_deref_trait"
version = "1.2.0"
source = "registry+https://github.com/rust-lang/crates.io-index"
checksum = "a8f112729512f8e442d81f95a8a7ddf2b7c6b8a1a6f509a95864142b30cab2d3"
