# This file is automatically @generated by Cargo.
# It is not intended for manual editing.
version = 3

[[package]]
name = "atomic-polyfill"
version = "0.1.11"
source = "registry+https://github.com/rust-lang/crates.io-index"
checksum = "e3ff7eb3f316534d83a8a2c3d1674ace8a5a71198eba31e2e2b597833f699b28"
dependencies = [
 "critical-section",
]

[[package]]
name = "autocfg"
version = "1.1.0"
source = "registry+https://github.com/rust-lang/crates.io-index"
checksum = "d468802bab17cbc0cc575e9b053f41e72aa36bfa6b7f55e3529ffa43161b97fa"

[[package]]
name = "az"
version = "1.2.1"
source = "registry+https://github.com/rust-lang/crates.io-index"
checksum = "7b7e4c2464d97fe331d41de9d5db0def0a96f4d823b8b32a2efd503578988973"

[[package]]
name = "byteorder"
version = "1.4.3"
source = "registry+https://github.com/rust-lang/crates.io-index"
checksum = "14c189c53d098945499cdfa7ecc63567cf3886b3332b312a5b4585d8d3a6a610"

[[package]]
name = "critical-section"
version = "1.1.1"
source = "registry+https://github.com/rust-lang/crates.io-index"
checksum = "6548a0ad5d2549e111e1f6a11a6c2e2d00ce6a3dafe22948d67c2b443f775e52"

[[package]]
name = "dogsimulation"
version = "0.1.0"
dependencies = [
 "micromath 2.0.0",
 "one_dimensional",
 "rand",
 "rand_distr",
]

[[package]]
name = "emb_textterm"
version = "0.1.0"
dependencies = [
 "embedded-graphics",
 "heapless",
]

[[package]]
name = "embedded-graphics"
version = "0.7.1"
source = "registry+https://github.com/rust-lang/crates.io-index"
checksum = "750082c65094fbcc4baf9ba31583ce9a8bb7f52cadfb96f6164b1bc7f922f32b"
dependencies = [
 "az",
 "byteorder",
 "embedded-graphics-core",
 "float-cmp",
 "micromath 1.1.1",
]

[[package]]
name = "embedded-graphics-core"
version = "0.3.3"
source = "registry+https://github.com/rust-lang/crates.io-index"
checksum = "b8b1239db5f3eeb7e33e35bd10bd014e7b2537b17e071f726a09351431337cfa"
dependencies = [
 "az",
 "byteorder",
]

[[package]]
name = "float-cmp"
version = "0.8.0"
source = "registry+https://github.com/rust-lang/crates.io-index"
checksum = "e1267f4ac4f343772758f7b1bdcbe767c218bbab93bb432acbf5162bbf85a6c4"
dependencies = [
 "num-traits",
]

[[package]]
name = "hash32"
version = "0.2.1"
source = "registry+https://github.com/rust-lang/crates.io-index"
checksum = "b0c35f58762feb77d74ebe43bdbc3210f09be9fe6742234d573bacc26ed92b67"
dependencies = [
 "byteorder",
]

[[package]]
name = "heapless"
version = "0.7.16"
source = "registry+https://github.com/rust-lang/crates.io-index"
checksum = "db04bc24a18b9ea980628ecf00e6c0264f3c1426dac36c00cb49b6fbad8b0743"
dependencies = [
 "atomic-polyfill",
 "hash32",
 "rustc_version",
 "spin",
 "stable_deref_trait",
]

[[package]]
name = "libm"
version = "0.2.7"
source = "registry+https://github.com/rust-lang/crates.io-index"
checksum = "f7012b1bbb0719e1097c47611d3898568c546d597c2e74d66f6087edd5233ff4"

[[package]]
name = "lock_api"
version = "0.4.10"
source = "registry+https://github.com/rust-lang/crates.io-index"
checksum = "c1cc9717a20b1bb222f333e6a92fd32f7d8a18ddc5a3191a11af45dcbf4dcd16"
dependencies = [
 "autocfg",
 "scopeguard",
]

[[package]]
name = "micromath"
version = "1.1.1"
source = "registry+https://github.com/rust-lang/crates.io-index"
checksum = "bc4010833aea396656c2f91ee704d51a6f1329ec2ab56ffd00bfd56f7481ea94"

[[package]]
name = "micromath"
version = "2.0.0"
source = "registry+https://github.com/rust-lang/crates.io-index"
checksum = "39617bc909d64b068dcffd0e3e31679195b5576d0c83fadc52690268cc2b2b55"

[[package]]
name = "num-traits"
version = "0.2.15"
source = "registry+https://github.com/rust-lang/crates.io-index"
checksum = "578ede34cf02f8924ab9447f50c28075b4d3e5b269972345e7e0372b38c6cdcd"
dependencies = [
 "autocfg",
 "libm",
]

[[package]]
name = "od_kalmanfilter"
version = "0.1.0"
dependencies = [
 "one_dimensional",
]

[[package]]
name = "odkalmanfilter-debug"
version = "0.1.0"
dependencies = [
 "dogsimulation",
 "emb_textterm",
 "micromath 2.0.0",
 "od_kalmanfilter",
 "one_dimensional",
]

[[package]]
name = "one_dimensional"
version = "0.1.0"

[[package]]
name = "ppv-lite86"
version = "0.2.17"
source = "registry+https://github.com/rust-lang/crates.io-index"
checksum = "5b40af805b3121feab8a3c29f04d8ad262fa8e0561883e7653e024ae4479e6de"

[[package]]
name = "rand"
version = "0.8.5"
source = "registry+https://github.com/rust-lang/crates.io-index"
checksum = "34af8d1a0e25924bc5b7c43c079c942339d8f0a8b57c39049bef581b46327404"
dependencies = [
 "rand_chacha",
 "rand_core",
]

[[package]]
name = "rand_chacha"
version = "0.3.1"
source = "registry+https://github.com/rust-lang/crates.io-index"
checksum = "e6c10a63a0fa32252be49d21e7709d4d4baf8d231c2dbce1eaa8141b9b127d88"
dependencies = [
 "ppv-lite86",
 "rand_core",
]

[[package]]
name = "rand_core"
version = "0.6.4"
source = "registry+https://github.com/rust-lang/crates.io-index"
checksum = "ec0be4795e2f6a28069bec0b5ff3e2ac9bafc99e6a9a7dc3547996c5c816922c"

[[package]]
name = "rand_distr"
version = "0.4.3"
source = "registry+https://github.com/rust-lang/crates.io-index"
checksum = "32cb0b9bc82b0a0876c2dd994a7e7a2683d3e7390ca40e6886785ef0c7e3ee31"
dependencies = [
 "num-traits",
 "rand",
]

[[package]]
name = "rustc_version"
version = "0.4.0"
source = "registry+https://github.com/rust-lang/crates.io-index"
checksum = "bfa0f585226d2e68097d4f95d113b15b83a82e819ab25717ec0590d9584ef366"
dependencies = [
 "semver",
]

[[package]]
name = "scopeguard"
version = "1.1.0"
source = "registry+https://github.com/rust-lang/crates.io-index"
checksum = "d29ab0c6d3fc0ee92fe66e2d99f700eab17a8d57d1c1d3b748380fb20baa78cd"

[[package]]
name = "semver"
version = "1.0.17"
source = "registry+https://github.com/rust-lang/crates.io-index"
checksum = "bebd363326d05ec3e2f532ab7660680f3b02130d780c299bca73469d521bc0ed"

[[package]]
name = "spin"
version = "0.9.8"
source = "registry+https://github.com/rust-lang/crates.io-index"
checksum = "6980e8d7511241f8acf4aebddbb1ff938df5eebe98691418c4468d0b72a96a67"
dependencies = [
 "lock_api",
]

[[package]]
name = "stable_deref_trait"
version = "1.2.0"
source = "registry+https://github.com/rust-lang/crates.io-index"
checksum = "a8f112729512f8e442d81f95a8a7ddf2b7c6b8a1a6f509a95864142b30cab2d3"
